
Microsoft Visual Studio Solution File, Format Version 12.00
# Visual Studio Version 16
VisualStudioVersion = 16.0.810.8
MinimumVisualStudioVersion = 10.0.40219.1
Project("{FAE04EC0-301F-11D3-BF4B-00C04F79EFBC}") = "CleanUI", "CleanUI\CleanUI.csproj", "{E39771D0-2419-4452-8C0D-E956BB27E656}"
EndProject
Project("{FAE04EC0-301F-11D3-BF4B-00C04F79EFBC}") = "CleanApi", "CleanApi\CleanApi.csproj", "{4D525313-830F-4639-833F-9AFC6804AD6F}"
EndProject
Project("{FAE04EC0-301F-11D3-BF4B-00C04F79EFBC}") = "CleanEntityFramework", "CleanEntityFramework\CleanEntityFramework.csproj", "{08CC690A-FA8F-4A8D-86C1-B0042239432F}"
EndProject
Global
	GlobalSection(SolutionConfigurationPlatforms) = preSolution
		Debug|Any CPU = Debug|Any CPU
		Release|Any CPU = Release|Any CPU
	EndGlobalSection
	GlobalSection(ProjectConfigurationPlatforms) = postSolution
		{E39771D0-2419-4452-8C0D-E956BB27E656}.Debug|Any CPU.ActiveCfg = Debug|Any CPU
		{E39771D0-2419-4452-8C0D-E956BB27E656}.Debug|Any CPU.Build.0 = Debug|Any CPU
		{E39771D0-2419-4452-8C0D-E956BB27E656}.Release|Any CPU.ActiveCfg = Release|Any CPU
		{E39771D0-2419-4452-8C0D-E956BB27E656}.Release|Any CPU.Build.0 = Release|Any CPU
		{4D525313-830F-4639-833F-9AFC6804AD6F}.Debug|Any CPU.ActiveCfg = Debug|Any CPU
		{4D525313-830F-4639-833F-9AFC6804AD6F}.Debug|Any CPU.Build.0 = Debug|Any CPU
		{4D525313-830F-4639-833F-9AFC6804AD6F}.Release|Any CPU.ActiveCfg = Release|Any CPU
		{4D525313-830F-4639-833F-9AFC6804AD6F}.Release|Any CPU.Build.0 = Release|Any CPU
		{08CC690A-FA8F-4A8D-86C1-B0042239432F}.Debug|Any CPU.ActiveCfg = Debug|Any CPU
		{08CC690A-FA8F-4A8D-86C1-B0042239432F}.Debug|Any CPU.Build.0 = Debug|Any CPU
		{08CC690A-FA8F-4A8D-86C1-B0042239432F}.Release|Any CPU.ActiveCfg = Release|Any CPU
		{08CC690A-FA8F-4A8D-86C1-B0042239432F}.Release|Any CPU.Build.0 = Release|Any CPU
	EndGlobalSection
	GlobalSection(SolutionProperties) = preSolution
		HideSolutionNode = FALSE
	EndGlobalSection
	GlobalSection(ExtensibilityGlobals) = postSolution
		SolutionGuid = {D3202718-CB77-4893-9B80-1A7E28FCDCDE}
	EndGlobalSection
EndGlobal
